// !$*UTF8*$!
{
	archiveVersion = 1;
	classes = {
	};
	objectVersion = 46;
	objects = {

/* Begin PBXBuildFile section */
		6200661B14D1E17A00847E6B /* UIKit.framework in Frameworks */ = {isa = PBXBuildFile; fileRef = 6200661A14D1E17A00847E6B /* UIKit.framework */; };
		6200661D14D1E17A00847E6B /* Foundation.framework in Frameworks */ = {isa = PBXBuildFile; fileRef = 6200661C14D1E17A00847E6B /* Foundation.framework */; };
		6200661F14D1E17A00847E6B /* CoreGraphics.framework in Frameworks */ = {isa = PBXBuildFile; fileRef = 6200661E14D1E17A00847E6B /* CoreGraphics.framework */; };
		6200662514D1E17A00847E6B /* InfoPlist.strings in Resources */ = {isa = PBXBuildFile; fileRef = 6200662314D1E17A00847E6B /* InfoPlist.strings */; };
		6200662714D1E17A00847E6B /* main.m in Sources */ = {isa = PBXBuildFile; fileRef = 6200662614D1E17A00847E6B /* main.m */; };
		6200662B14D1E17A00847E6B /* MDAppDelegate.m in Sources */ = {isa = PBXBuildFile; fileRef = 6200662A14D1E17A00847E6B /* MDAppDelegate.m */; };
		6200662E14D1E17A00847E6B /* MDViewController.m in Sources */ = {isa = PBXBuildFile; fileRef = 6200662D14D1E17A00847E6B /* MDViewController.m */; };
		6200663114D1E17A00847E6B /* MDViewController.xib in Resources */ = {isa = PBXBuildFile; fileRef = 6200662F14D1E17A00847E6B /* MDViewController.xib */; };
		6200663914D1E17B00847E6B /* SenTestingKit.framework in Frameworks */ = {isa = PBXBuildFile; fileRef = 6200663814D1E17B00847E6B /* SenTestingKit.framework */; };
		6200663A14D1E17B00847E6B /* UIKit.framework in Frameworks */ = {isa = PBXBuildFile; fileRef = 6200661A14D1E17A00847E6B /* UIKit.framework */; };
		6200663B14D1E17B00847E6B /* Foundation.framework in Frameworks */ = {isa = PBXBuildFile; fileRef = 6200661C14D1E17A00847E6B /* Foundation.framework */; };
		6200664314D1E17B00847E6B /* InfoPlist.strings in Resources */ = {isa = PBXBuildFile; fileRef = 6200664114D1E17B00847E6B /* InfoPlist.strings */; };
		6200664614D1E17B00847E6B /* iMoodleTests.m in Sources */ = {isa = PBXBuildFile; fileRef = 6200664514D1E17B00847E6B /* iMoodleTests.m */; };
		6200668714D1E55400847E6B /* libRestKit.a in Frameworks */ = {isa = PBXBuildFile; fileRef = 6200667D14D1E47D00847E6B /* libRestKit.a */; };
		6200668E14D1E58500847E6B /* CFNetwork.framework in Frameworks */ = {isa = PBXBuildFile; fileRef = 6200668814D1E58500847E6B /* CFNetwork.framework */; };
		6200668F14D1E58500847E6B /* CoreData.framework in Frameworks */ = {isa = PBXBuildFile; fileRef = 6200668914D1E58500847E6B /* CoreData.framework */; };
		6200669014D1E58500847E6B /* libxml2.dylib in Frameworks */ = {isa = PBXBuildFile; fileRef = 6200668A14D1E58500847E6B /* libxml2.dylib */; };
		6200669114D1E58500847E6B /* MobileCoreServices.framework in Frameworks */ = {isa = PBXBuildFile; fileRef = 6200668B14D1E58500847E6B /* MobileCoreServices.framework */; };
		6200669214D1E58500847E6B /* Security.framework in Frameworks */ = {isa = PBXBuildFile; fileRef = 6200668C14D1E58500847E6B /* Security.framework */; };
		6200669314D1E58500847E6B /* SystemConfiguration.framework in Frameworks */ = {isa = PBXBuildFile; fileRef = 6200668D14D1E58500847E6B /* SystemConfiguration.framework */; };
		626C69F614D3469F009AC790 /* MDCourse.m in Sources */ = {isa = PBXBuildFile; fileRef = 626C69F514D3469F009AC790 /* MDCourse.m */; };
		626C69F914D34E64009AC790 /* MDUser.m in Sources */ = {isa = PBXBuildFile; fileRef = 626C69F814D34E64009AC790 /* MDUser.m */; };
/* End PBXBuildFile section */

/* Begin PBXContainerItemProxy section */
		6200663C14D1E17B00847E6B /* PBXContainerItemProxy */ = {
			isa = PBXContainerItemProxy;
			containerPortal = 6200660D14D1E17A00847E6B /* Project object */;
			proxyType = 1;
			remoteGlobalIDString = 6200661514D1E17A00847E6B;
			remoteInfo = iMoodle;
		};
		6200667C14D1E47D00847E6B /* PBXContainerItemProxy */ = {
			isa = PBXContainerItemProxy;
			containerPortal = 6200667214D1E47D00847E6B /* RestKit.xcodeproj */;
			proxyType = 2;
			remoteGlobalIDString = 25160D1614564E810060A5C5;
			remoteInfo = RestKit;
		};
		6200667E14D1E47D00847E6B /* PBXContainerItemProxy */ = {
			isa = PBXContainerItemProxy;
			containerPortal = 6200667214D1E47D00847E6B /* RestKit.xcodeproj */;
			proxyType = 2;
			remoteGlobalIDString = 25160D2614564E820060A5C5;
			remoteInfo = RestKitTests;
		};
		6200668014D1E47D00847E6B /* PBXContainerItemProxy */ = {
			isa = PBXContainerItemProxy;
			containerPortal = 6200667214D1E47D00847E6B /* RestKit.xcodeproj */;
			proxyType = 2;
			remoteGlobalIDString = 25160E62145651060060A5C5;
			remoteInfo = RestKitFramework;
		};
		6200668214D1E47D00847E6B /* PBXContainerItemProxy */ = {
			isa = PBXContainerItemProxy;
			containerPortal = 6200667214D1E47D00847E6B /* RestKit.xcodeproj */;
			proxyType = 2;
			remoteGlobalIDString = 25160E78145651060060A5C5;
			remoteInfo = RestKitFrameworkTests;
		};
		6200668514D1E54200847E6B /* PBXContainerItemProxy */ = {
			isa = PBXContainerItemProxy;
			containerPortal = 6200667214D1E47D00847E6B /* RestKit.xcodeproj */;
			proxyType = 1;
			remoteGlobalIDString = 25160D1514564E810060A5C5;
			remoteInfo = RestKit;
		};
/* End PBXContainerItemProxy section */

/* Begin PBXFileReference section */
		6200661614D1E17A00847E6B /* iMoodle.app */ = {isa = PBXFileReference; explicitFileType = wrapper.application; includeInIndex = 0; path = iMoodle.app; sourceTree = BUILT_PRODUCTS_DIR; };
		6200661A14D1E17A00847E6B /* UIKit.framework */ = {isa = PBXFileReference; lastKnownFileType = wrapper.framework; name = UIKit.framework; path = System/Library/Frameworks/UIKit.framework; sourceTree = SDKROOT; };
		6200661C14D1E17A00847E6B /* Foundation.framework */ = {isa = PBXFileReference; lastKnownFileType = wrapper.framework; name = Foundation.framework; path = System/Library/Frameworks/Foundation.framework; sourceTree = SDKROOT; };
		6200661E14D1E17A00847E6B /* CoreGraphics.framework */ = {isa = PBXFileReference; lastKnownFileType = wrapper.framework; name = CoreGraphics.framework; path = System/Library/Frameworks/CoreGraphics.framework; sourceTree = SDKROOT; };
		6200662214D1E17A00847E6B /* iMoodle-Info.plist */ = {isa = PBXFileReference; lastKnownFileType = text.plist.xml; path = "iMoodle-Info.plist"; sourceTree = "<group>"; };
		6200662414D1E17A00847E6B /* en */ = {isa = PBXFileReference; lastKnownFileType = text.plist.strings; name = en; path = en.lproj/InfoPlist.strings; sourceTree = "<group>"; };
		6200662614D1E17A00847E6B /* main.m */ = {isa = PBXFileReference; lastKnownFileType = sourcecode.c.objc; path = main.m; sourceTree = "<group>"; };
		6200662814D1E17A00847E6B /* iMoodle-Prefix.pch */ = {isa = PBXFileReference; lastKnownFileType = sourcecode.c.h; path = "iMoodle-Prefix.pch"; sourceTree = "<group>"; };
		6200662914D1E17A00847E6B /* MDAppDelegate.h */ = {isa = PBXFileReference; lastKnownFileType = sourcecode.c.h; path = MDAppDelegate.h; sourceTree = "<group>"; };
		6200662A14D1E17A00847E6B /* MDAppDelegate.m */ = {isa = PBXFileReference; lastKnownFileType = sourcecode.c.objc; path = MDAppDelegate.m; sourceTree = "<group>"; };
		6200662C14D1E17A00847E6B /* MDViewController.h */ = {isa = PBXFileReference; lastKnownFileType = sourcecode.c.h; path = MDViewController.h; sourceTree = "<group>"; };
		6200662D14D1E17A00847E6B /* MDViewController.m */ = {isa = PBXFileReference; lastKnownFileType = sourcecode.c.objc; path = MDViewController.m; sourceTree = "<group>"; };
		6200663014D1E17A00847E6B /* en */ = {isa = PBXFileReference; lastKnownFileType = file.xib; name = en; path = en.lproj/MDViewController.xib; sourceTree = "<group>"; };
		6200663714D1E17B00847E6B /* iMoodleTests.octest */ = {isa = PBXFileReference; explicitFileType = wrapper.cfbundle; includeInIndex = 0; path = iMoodleTests.octest; sourceTree = BUILT_PRODUCTS_DIR; };
		6200663814D1E17B00847E6B /* SenTestingKit.framework */ = {isa = PBXFileReference; lastKnownFileType = wrapper.framework; name = SenTestingKit.framework; path = Library/Frameworks/SenTestingKit.framework; sourceTree = DEVELOPER_DIR; };
		6200664014D1E17B00847E6B /* iMoodleTests-Info.plist */ = {isa = PBXFileReference; lastKnownFileType = text.plist.xml; path = "iMoodleTests-Info.plist"; sourceTree = "<group>"; };
		6200664214D1E17B00847E6B /* en */ = {isa = PBXFileReference; lastKnownFileType = text.plist.strings; name = en; path = en.lproj/InfoPlist.strings; sourceTree = "<group>"; };
		6200664414D1E17B00847E6B /* iMoodleTests.h */ = {isa = PBXFileReference; lastKnownFileType = sourcecode.c.h; path = iMoodleTests.h; sourceTree = "<group>"; };
		6200664514D1E17B00847E6B /* iMoodleTests.m */ = {isa = PBXFileReference; lastKnownFileType = sourcecode.c.objc; path = iMoodleTests.m; sourceTree = "<group>"; };
		6200667214D1E47D00847E6B /* RestKit.xcodeproj */ = {isa = PBXFileReference; lastKnownFileType = "wrapper.pb-project"; name = RestKit.xcodeproj; path = RestKit/RestKit.xcodeproj; sourceTree = "<group>"; };
		6200668814D1E58500847E6B /* CFNetwork.framework */ = {isa = PBXFileReference; lastKnownFileType = wrapper.framework; name = CFNetwork.framework; path = System/Library/Frameworks/CFNetwork.framework; sourceTree = SDKROOT; };
		6200668914D1E58500847E6B /* CoreData.framework */ = {isa = PBXFileReference; lastKnownFileType = wrapper.framework; name = CoreData.framework; path = System/Library/Frameworks/CoreData.framework; sourceTree = SDKROOT; };
		6200668A14D1E58500847E6B /* libxml2.dylib */ = {isa = PBXFileReference; lastKnownFileType = "compiled.mach-o.dylib"; name = libxml2.dylib; path = usr/lib/libxml2.dylib; sourceTree = SDKROOT; };
		6200668B14D1E58500847E6B /* MobileCoreServices.framework */ = {isa = PBXFileReference; lastKnownFileType = wrapper.framework; name = MobileCoreServices.framework; path = System/Library/Frameworks/MobileCoreServices.framework; sourceTree = SDKROOT; };
		6200668C14D1E58500847E6B /* Security.framework */ = {isa = PBXFileReference; lastKnownFileType = wrapper.framework; name = Security.framework; path = System/Library/Frameworks/Security.framework; sourceTree = SDKROOT; };
		6200668D14D1E58500847E6B /* SystemConfiguration.framework */ = {isa = PBXFileReference; lastKnownFileType = wrapper.framework; name = SystemConfiguration.framework; path = System/Library/Frameworks/SystemConfiguration.framework; sourceTree = SDKROOT; };
		626C69F414D3469F009AC790 /* MDCourse.h */ = {isa = PBXFileReference; fileEncoding = 4; lastKnownFileType = sourcecode.c.h; path = MDCourse.h; sourceTree = "<group>"; };
		626C69F514D3469F009AC790 /* MDCourse.m */ = {isa = PBXFileReference; fileEncoding = 4; lastKnownFileType = sourcecode.c.objc; path = MDCourse.m; sourceTree = "<group>"; };
		626C69F714D34E64009AC790 /* MDUser.h */ = {isa = PBXFileReference; fileEncoding = 4; lastKnownFileType = sourcecode.c.h; path = MDUser.h; sourceTree = "<group>"; };
		626C69F814D34E64009AC790 /* MDUser.m */ = {isa = PBXFileReference; fileEncoding = 4; lastKnownFileType = sourcecode.c.objc; path = MDUser.m; sourceTree = "<group>"; };
/* End PBXFileReference section */

/* Begin PBXFrameworksBuildPhase section */
		6200661314D1E17A00847E6B /* Frameworks */ = {
			isa = PBXFrameworksBuildPhase;
			buildActionMask = 2147483647;
			files = (
				6200668E14D1E58500847E6B /* CFNetwork.framework in Frameworks */,
				6200668F14D1E58500847E6B /* CoreData.framework in Frameworks */,
				6200669014D1E58500847E6B /* libxml2.dylib in Frameworks */,
				6200669114D1E58500847E6B /* MobileCoreServices.framework in Frameworks */,
				6200669214D1E58500847E6B /* Security.framework in Frameworks */,
				6200669314D1E58500847E6B /* SystemConfiguration.framework in Frameworks */,
				6200668714D1E55400847E6B /* libRestKit.a in Frameworks */,
				6200661B14D1E17A00847E6B /* UIKit.framework in Frameworks */,
				6200661D14D1E17A00847E6B /* Foundation.framework in Frameworks */,
				6200661F14D1E17A00847E6B /* CoreGraphics.framework in Frameworks */,
			);
			runOnlyForDeploymentPostprocessing = 0;
		};
		6200663314D1E17A00847E6B /* Frameworks */ = {
			isa = PBXFrameworksBuildPhase;
			buildActionMask = 2147483647;
			files = (
				6200663914D1E17B00847E6B /* SenTestingKit.framework in Frameworks */,
				6200663A14D1E17B00847E6B /* UIKit.framework in Frameworks */,
				6200663B14D1E17B00847E6B /* Foundation.framework in Frameworks */,
			);
			runOnlyForDeploymentPostprocessing = 0;
		};
/* End PBXFrameworksBuildPhase section */

/* Begin PBXGroup section */
		6200660B14D1E17A00847E6B = {
			isa = PBXGroup;
			children = (
				6200667214D1E47D00847E6B /* RestKit.xcodeproj */,
				6200662014D1E17A00847E6B /* iMoodle */,
				6200663E14D1E17B00847E6B /* iMoodleTests */,
				6200661914D1E17A00847E6B /* Frameworks */,
				6200661714D1E17A00847E6B /* Products */,
			);
			sourceTree = "<group>";
		};
		6200661714D1E17A00847E6B /* Products */ = {
			isa = PBXGroup;
			children = (
				6200661614D1E17A00847E6B /* iMoodle.app */,
				6200663714D1E17B00847E6B /* iMoodleTests.octest */,
			);
			name = Products;
			sourceTree = "<group>";
		};
		6200661914D1E17A00847E6B /* Frameworks */ = {
			isa = PBXGroup;
			children = (
				6200668814D1E58500847E6B /* CFNetwork.framework */,
				6200668914D1E58500847E6B /* CoreData.framework */,
				6200668A14D1E58500847E6B /* libxml2.dylib */,
				6200668B14D1E58500847E6B /* MobileCoreServices.framework */,
				6200668C14D1E58500847E6B /* Security.framework */,
				6200668D14D1E58500847E6B /* SystemConfiguration.framework */,
				6200661A14D1E17A00847E6B /* UIKit.framework */,
				6200661C14D1E17A00847E6B /* Foundation.framework */,
				6200661E14D1E17A00847E6B /* CoreGraphics.framework */,
				6200663814D1E17B00847E6B /* SenTestingKit.framework */,
			);
			name = Frameworks;
			sourceTree = "<group>";
		};
		6200662014D1E17A00847E6B /* iMoodle */ = {
			isa = PBXGroup;
			children = (
				626C69F014D3465F009AC790 /* Model */,
				6200662914D1E17A00847E6B /* MDAppDelegate.h */,
				6200662A14D1E17A00847E6B /* MDAppDelegate.m */,
				6200662C14D1E17A00847E6B /* MDViewController.h */,
				6200662D14D1E17A00847E6B /* MDViewController.m */,
				6200662F14D1E17A00847E6B /* MDViewController.xib */,
				6200662114D1E17A00847E6B /* Supporting Files */,
			);
			path = iMoodle;
			sourceTree = "<group>";
		};
		6200662114D1E17A00847E6B /* Supporting Files */ = {
			isa = PBXGroup;
			children = (
				6200662214D1E17A00847E6B /* iMoodle-Info.plist */,
				6200662314D1E17A00847E6B /* InfoPlist.strings */,
				6200662614D1E17A00847E6B /* main.m */,
				6200662814D1E17A00847E6B /* iMoodle-Prefix.pch */,
			);
			name = "Supporting Files";
			sourceTree = "<group>";
		};
		6200663E14D1E17B00847E6B /* iMoodleTests */ = {
			isa = PBXGroup;
			children = (
				6200664414D1E17B00847E6B /* iMoodleTests.h */,
				6200664514D1E17B00847E6B /* iMoodleTests.m */,
				6200663F14D1E17B00847E6B /* Supporting Files */,
			);
			path = iMoodleTests;
			sourceTree = "<group>";
		};
		6200663F14D1E17B00847E6B /* Supporting Files */ = {
			isa = PBXGroup;
			children = (
				6200664014D1E17B00847E6B /* iMoodleTests-Info.plist */,
				6200664114D1E17B00847E6B /* InfoPlist.strings */,
			);
			name = "Supporting Files";
			sourceTree = "<group>";
		};
		6200667314D1E47D00847E6B /* Products */ = {
			isa = PBXGroup;
			children = (
				6200667D14D1E47D00847E6B /* libRestKit.a */,
				6200667F14D1E47D00847E6B /* RestKitTests.octest */,
				6200668114D1E47D00847E6B /* RestKit.framework */,
				6200668314D1E47D00847E6B /* RestKitFrameworkTests.octest */,
			);
			name = Products;
			sourceTree = "<group>";
		};
		626C69F014D3465F009AC790 /* Model */ = {
			isa = PBXGroup;
			children = (
				626C69F414D3469F009AC790 /* MDCourse.h */,
				626C69F514D3469F009AC790 /* MDCourse.m */,
				626C69F714D34E64009AC790 /* MDUser.h */,
				626C69F814D34E64009AC790 /* MDUser.m */,
			);
			name = Model;
			sourceTree = "<group>";
		};
/* End PBXGroup section */

/* Begin PBXNativeTarget section */
		6200661514D1E17A00847E6B /* iMoodle */ = {
			isa = PBXNativeTarget;
			buildConfigurationList = 6200664914D1E17B00847E6B /* Build configuration list for PBXNativeTarget "iMoodle" */;
			buildPhases = (
				6200661214D1E17A00847E6B /* Sources */,
				6200661314D1E17A00847E6B /* Frameworks */,
				6200661414D1E17A00847E6B /* Resources */,
			);
			buildRules = (
			);
			dependencies = (
				6200668614D1E54200847E6B /* PBXTargetDependency */,
			);
			name = iMoodle;
			productName = iMoodle;
			productReference = 6200661614D1E17A00847E6B /* iMoodle.app */;
			productType = "com.apple.product-type.application";
		};
		6200663614D1E17A00847E6B /* iMoodleTests */ = {
			isa = PBXNativeTarget;
			buildConfigurationList = 6200664C14D1E17B00847E6B /* Build configuration list for PBXNativeTarget "iMoodleTests" */;
			buildPhases = (
				6200663214D1E17A00847E6B /* Sources */,
				6200663314D1E17A00847E6B /* Frameworks */,
				6200663414D1E17A00847E6B /* Resources */,
				6200663514D1E17A00847E6B /* ShellScript */,
			);
			buildRules = (
			);
			dependencies = (
				6200663D14D1E17B00847E6B /* PBXTargetDependency */,
			);
			name = iMoodleTests;
			productName = iMoodleTests;
			productReference = 6200663714D1E17B00847E6B /* iMoodleTests.octest */;
			productType = "com.apple.product-type.bundle";
		};
/* End PBXNativeTarget section */

/* Begin PBXProject section */
		6200660D14D1E17A00847E6B /* Project object */ = {
			isa = PBXProject;
			attributes = {
				LastUpgradeCheck = 0420;
			};
			buildConfigurationList = 6200661014D1E17A00847E6B /* Build configuration list for PBXProject "iMoodle" */;
			compatibilityVersion = "Xcode 3.2";
			developmentRegion = English;
			hasScannedForEncodings = 0;
			knownRegions = (
				en,
			);
			mainGroup = 6200660B14D1E17A00847E6B;
			productRefGroup = 6200661714D1E17A00847E6B /* Products */;
			projectDirPath = "";
			projectReferences = (
				{
					ProductGroup = 6200667314D1E47D00847E6B /* Products */;
					ProjectRef = 6200667214D1E47D00847E6B /* RestKit.xcodeproj */;
				},
			);
			projectRoot = "";
			targets = (
				6200661514D1E17A00847E6B /* iMoodle */,
				6200663614D1E17A00847E6B /* iMoodleTests */,
			);
		};
/* End PBXProject section */

/* Begin PBXReferenceProxy section */
		6200667D14D1E47D00847E6B /* libRestKit.a */ = {
			isa = PBXReferenceProxy;
			fileType = archive.ar;
			path = libRestKit.a;
			remoteRef = 6200667C14D1E47D00847E6B /* PBXContainerItemProxy */;
			sourceTree = BUILT_PRODUCTS_DIR;
		};
		6200667F14D1E47D00847E6B /* RestKitTests.octest */ = {
			isa = PBXReferenceProxy;
			fileType = wrapper.cfbundle;
			path = RestKitTests.octest;
			remoteRef = 6200667E14D1E47D00847E6B /* PBXContainerItemProxy */;
			sourceTree = BUILT_PRODUCTS_DIR;
		};
		6200668114D1E47D00847E6B /* RestKit.framework */ = {
			isa = PBXReferenceProxy;
			fileType = wrapper.framework;
			path = RestKit.framework;
			remoteRef = 6200668014D1E47D00847E6B /* PBXContainerItemProxy */;
			sourceTree = BUILT_PRODUCTS_DIR;
		};
		6200668314D1E47D00847E6B /* RestKitFrameworkTests.octest */ = {
			isa = PBXReferenceProxy;
			fileType = wrapper.cfbundle;
			path = RestKitFrameworkTests.octest;
			remoteRef = 6200668214D1E47D00847E6B /* PBXContainerItemProxy */;
			sourceTree = BUILT_PRODUCTS_DIR;
		};
/* End PBXReferenceProxy section */

/* Begin PBXResourcesBuildPhase section */
		6200661414D1E17A00847E6B /* Resources */ = {
			isa = PBXResourcesBuildPhase;
			buildActionMask = 2147483647;
			files = (
				6200662514D1E17A00847E6B /* InfoPlist.strings in Resources */,
				6200663114D1E17A00847E6B /* MDViewController.xib in Resources */,
			);
			runOnlyForDeploymentPostprocessing = 0;
		};
		6200663414D1E17A00847E6B /* Resources */ = {
			isa = PBXResourcesBuildPhase;
			buildActionMask = 2147483647;
			files = (
				6200664314D1E17B00847E6B /* InfoPlist.strings in Resources */,
			);
			runOnlyForDeploymentPostprocessing = 0;
		};
/* End PBXResourcesBuildPhase section */

/* Begin PBXShellScriptBuildPhase section */
		6200663514D1E17A00847E6B /* ShellScript */ = {
			isa = PBXShellScriptBuildPhase;
			buildActionMask = 2147483647;
			files = (
			);
			inputPaths = (
			);
			outputPaths = (
			);
			runOnlyForDeploymentPostprocessing = 0;
			shellPath = /bin/sh;
			shellScript = "# Run the unit tests in this test bundle.\n\"${SYSTEM_DEVELOPER_DIR}/Tools/RunUnitTests\"\n";
		};
/* End PBXShellScriptBuildPhase section */

/* Begin PBXSourcesBuildPhase section */
		6200661214D1E17A00847E6B /* Sources */ = {
			isa = PBXSourcesBuildPhase;
			buildActionMask = 2147483647;
			files = (
				6200662714D1E17A00847E6B /* main.m in Sources */,
				6200662B14D1E17A00847E6B /* MDAppDelegate.m in Sources */,
				6200662E14D1E17A00847E6B /* MDViewController.m in Sources */,
				626C69F614D3469F009AC790 /* MDCourse.m in Sources */,
				626C69F914D34E64009AC790 /* MDUser.m in Sources */,
			);
			runOnlyForDeploymentPostprocessing = 0;
		};
		6200663214D1E17A00847E6B /* Sources */ = {
			isa = PBXSourcesBuildPhase;
			buildActionMask = 2147483647;
			files = (
				6200664614D1E17B00847E6B /* iMoodleTests.m in Sources */,
			);
			runOnlyForDeploymentPostprocessing = 0;
		};
/* End PBXSourcesBuildPhase section */

/* Begin PBXTargetDependency section */
		6200663D14D1E17B00847E6B /* PBXTargetDependency */ = {
			isa = PBXTargetDependency;
			target = 6200661514D1E17A00847E6B /* iMoodle */;
			targetProxy = 6200663C14D1E17B00847E6B /* PBXContainerItemProxy */;
		};
		6200668614D1E54200847E6B /* PBXTargetDependency */ = {
			isa = PBXTargetDependency;
			name = RestKit;
			targetProxy = 6200668514D1E54200847E6B /* PBXContainerItemProxy */;
		};
/* End PBXTargetDependency section */

/* Begin PBXVariantGroup section */
		6200662314D1E17A00847E6B /* InfoPlist.strings */ = {
			isa = PBXVariantGroup;
			children = (
				6200662414D1E17A00847E6B /* en */,
			);
			name = InfoPlist.strings;
			sourceTree = "<group>";
		};
		6200662F14D1E17A00847E6B /* MDViewController.xib */ = {
			isa = PBXVariantGroup;
			children = (
				6200663014D1E17A00847E6B /* en */,
			);
			name = MDViewController.xib;
			sourceTree = "<group>";
		};
		6200664114D1E17B00847E6B /* InfoPlist.strings */ = {
			isa = PBXVariantGroup;
			children = (
				6200664214D1E17B00847E6B /* en */,
			);
			name = InfoPlist.strings;
			sourceTree = "<group>";
		};
/* End PBXVariantGroup section */

/* Begin XCBuildConfiguration section */
		6200664714D1E17B00847E6B /* Debug */ = {
			isa = XCBuildConfiguration;
			buildSettings = {
				ALWAYS_SEARCH_USER_PATHS = NO;
				ARCHS = "$(ARCHS_STANDARD_32_BIT)";
				CLANG_ENABLE_OBJC_ARC = YES;
				"CODE_SIGN_IDENTITY[sdk=iphoneos*]" = "iPhone Developer";
				COPY_PHASE_STRIP = NO;
				GCC_C_LANGUAGE_STANDARD = gnu99;
				GCC_DYNAMIC_NO_PIC = NO;
				GCC_OPTIMIZATION_LEVEL = 0;
				GCC_PREPROCESSOR_DEFINITIONS = (
					"DEBUG=1",
					"$(inherited)",
				);
				GCC_SYMBOLS_PRIVATE_EXTERN = NO;
				GCC_VERSION = com.apple.compilers.llvm.clang.1_0;
				GCC_WARN_ABOUT_MISSING_PROTOTYPES = YES;
				GCC_WARN_ABOUT_RETURN_TYPE = YES;
				GCC_WARN_UNUSED_VARIABLE = YES;
				IPHONEOS_DEPLOYMENT_TARGET = 5.0;
				SDKROOT = iphoneos;
			};
			name = Debug;
		};
		6200664814D1E17B00847E6B /* Release */ = {
			isa = XCBuildConfiguration;
			buildSettings = {
				ALWAYS_SEARCH_USER_PATHS = NO;
				ARCHS = "$(ARCHS_STANDARD_32_BIT)";
				CLANG_ENABLE_OBJC_ARC = YES;
				"CODE_SIGN_IDENTITY[sdk=iphoneos*]" = "iPhone Developer";
				COPY_PHASE_STRIP = YES;
				GCC_C_LANGUAGE_STANDARD = gnu99;
				GCC_VERSION = com.apple.compilers.llvm.clang.1_0;
				GCC_WARN_ABOUT_MISSING_PROTOTYPES = YES;
				GCC_WARN_ABOUT_RETURN_TYPE = YES;
				GCC_WARN_UNUSED_VARIABLE = YES;
				IPHONEOS_DEPLOYMENT_TARGET = 5.0;
				OTHER_CFLAGS = "-DNS_BLOCK_ASSERTIONS=1";
				SDKROOT = iphoneos;
				VALIDATE_PRODUCT = YES;
			};
			name = Release;
		};
		6200664A14D1E17B00847E6B /* Debug */ = {
			isa = XCBuildConfiguration;
			buildSettings = {
				GCC_PRECOMPILE_PREFIX_HEADER = YES;
				GCC_PREFIX_HEADER = "iMoodle/iMoodle-Prefix.pch";
				HEADER_SEARCH_PATHS = "\"$(SOURCE_ROOT)/RestKit/Build\"";
				INFOPLIST_FILE = "iMoodle/iMoodle-Info.plist";
				OTHER_LDFLAGS = (
					"-ObjC",
					"-all_load",
				);
				PRODUCT_NAME = "$(TARGET_NAME)";
				WRAPPER_EXTENSION = app;
			};
			name = Debug;
		};
		6200664B14D1E17B00847E6B /* Release */ = {
			isa = XCBuildConfiguration;
			buildSettings = {
				GCC_PRECOMPILE_PREFIX_HEADER = YES;
				GCC_PREFIX_HEADER = "iMoodle/iMoodle-Prefix.pch";
				HEADER_SEARCH_PATHS = "\"$(SOURCE_ROOT)/RestKit/Build\"";
				INFOPLIST_FILE = "iMoodle/iMoodle-Info.plist";
				OTHER_LDFLAGS = (
					"-ObjC",
					"-all_load",
				);
				PRODUCT_NAME = "$(TARGET_NAME)";
				WRAPPER_EXTENSION = app;
			};
			name = Release;
		};
		6200664D14D1E17B00847E6B /* Debug */ = {
			isa = XCBuildConfiguration;
			buildSettings = {
				BUNDLE_LOADER = "$(BUILT_PRODUCTS_DIR)/iMoodle.app/iMoodle";
				FRAMEWORK_SEARCH_PATHS = (
					"$(SDKROOT)/Developer/Library/Frameworks",
					"$(DEVELOPER_LIBRARY_DIR)/Frameworks",
				);
				GCC_PRECOMPILE_PREFIX_HEADER = YES;
				GCC_PREFIX_HEADER = "iMoodle/iMoodle-Prefix.pch";
				INFOPLIST_FILE = "iMoodleTests/iMoodleTests-Info.plist";
				PRODUCT_NAME = "$(TARGET_NAME)";
				TEST_HOST = "$(BUNDLE_LOADER)";
				WRAPPER_EXTENSION = octest;
			};
			name = Debug;
		};
		6200664E14D1E17B00847E6B /* Release */ = {
			isa = XCBuildConfiguration;
			buildSettings = {
				BUNDLE_LOADER = "$(BUILT_PRODUCTS_DIR)/iMoodle.app/iMoodle";
				FRAMEWORK_SEARCH_PATHS = (
					"$(SDKROOT)/Developer/Library/Frameworks",
					"$(DEVELOPER_LIBRARY_DIR)/Frameworks",
				);
				GCC_PRECOMPILE_PREFIX_HEADER = YES;
				GCC_PREFIX_HEADER = "iMoodle/iMoodle-Prefix.pch";
				INFOPLIST_FILE = "iMoodleTests/iMoodleTests-Info.plist";
				PRODUCT_NAME = "$(TARGET_NAME)";
				TEST_HOST = "$(BUNDLE_LOADER)";
				WRAPPER_EXTENSION = octest;
			};
			name = Release;
		};
/* End XCBuildConfiguration section */

/* Begin XCConfigurationList section */
		6200661014D1E17A00847E6B /* Build configuration list for PBXProject "iMoodle" */ = {
			isa = XCConfigurationList;
			buildConfigurations = (
				6200664714D1E17B00847E6B /* Debug */,
				6200664814D1E17B00847E6B /* Release */,
			);
			defaultConfigurationIsVisible = 0;
			defaultConfigurationName = Release;
		};
		6200664914D1E17B00847E6B /* Build configuration list for PBXNativeTarget "iMoodle" */ = {
			isa = XCConfigurationList;
			buildConfigurations = (
				6200664A14D1E17B00847E6B /* Debug */,
				6200664B14D1E17B00847E6B /* Release */,
			);
			defaultConfigurationIsVisible = 0;
			defaultConfigurationName = Release;
		};
		6200664C14D1E17B00847E6B /* Build configuration list for PBXNativeTarget "iMoodleTests" */ = {
			isa = XCConfigurationList;
			buildConfigurations = (
				6200664D14D1E17B00847E6B /* Debug */,
				6200664E14D1E17B00847E6B /* Release */,
			);
			defaultConfigurationIsVisible = 0;
			defaultConfigurationName = Release;
		};
/* End XCConfigurationList section */
	};
	rootObject = 6200660D14D1E17A00847E6B /* Project object */;
}
